
Microsoft Visual Studio Solution File, Format Version 12.00
# Visual Studio Version 17
VisualStudioVersion = 17.9.34728.123
MinimumVisualStudioVersion = 10.0.40219.1
Project("{FAE04EC0-301F-11D3-BF4B-00C04F79EFBC}") = "contactly", "contactly\contactly.csproj", "{6B0585E4-DC5D-4819-A9DB-9D29877066DB}"
EndProject
Global
	GlobalSection(SolutionConfigurationPlatforms) = preSolution
		Debug|Any CPU = Debug|Any CPU
		Release|Any CPU = Release|Any CPU
	EndGlobalSection
	GlobalSection(ProjectConfigurationPlatforms) = postSolution
		{6B0585E4-DC5D-4819-A9DB-9D29877066DB}.Debug|Any CPU.ActiveCfg = Debug|Any CPU
		{6B0585E4-DC5D-4819-A9DB-9D29877066DB}.Debug|Any CPU.Build.0 = Debug|Any CPU
		{6B0585E4-DC5D-4819-A9DB-9D29877066DB}.Release|Any CPU.ActiveCfg = Release|Any CPU
		{6B0585E4-DC5D-4819-A9DB-9D29877066DB}.Release|Any CPU.Build.0 = Release|Any CPU
	EndGlobalSection
	GlobalSection(SolutionProperties) = preSolution
		HideSolutionNode = FALSE
	EndGlobalSection
	GlobalSection(ExtensibilityGlobals) = postSolution
		SolutionGuid = {94176705-9B3C-467F-A720-89077572BBE6}
	EndGlobalSection
EndGlobal
